
Microsoft Visual Studio Solution File, Format Version 12.00
# Visual Studio Version 17
VisualStudioVersion = 17.4.33213.308
MinimumVisualStudioVersion = 10.0.40219.1
Project("{FAE04EC0-301F-11D3-BF4B-00C04F79EFBC}") = "cnPerimetroSuperficieCuadro", "cnPerimetroSuperficieCuadro\cnPerimetroSuperficieCuadro.csproj", "{AB683F05-146F-4040-A1AC-40C854A6D53F}"
EndProject
Global
	GlobalSection(SolutionConfigurationPlatforms) = preSolution
		Debug|Any CPU = Debug|Any CPU
		Release|Any CPU = Release|Any CPU
	EndGlobalSection
	GlobalSection(ProjectConfigurationPlatforms) = postSolution
		{AB683F05-146F-4040-A1AC-40C854A6D53F}.Debug|Any CPU.ActiveCfg = Debug|Any CPU
		{AB683F05-146F-4040-A1AC-40C854A6D53F}.Debug|Any CPU.Build.0 = Debug|Any CPU
		{AB683F05-146F-4040-A1AC-40C854A6D53F}.Release|Any CPU.ActiveCfg = Release|Any CPU
		{AB683F05-146F-4040-A1AC-40C854A6D53F}.Release|Any CPU.Build.0 = Release|Any CPU
	EndGlobalSection
	GlobalSection(SolutionProperties) = preSolution
		HideSolutionNode = FALSE
	EndGlobalSection
	GlobalSection(ExtensibilityGlobals) = postSolution
		SolutionGuid = {5A5D0016-CA89-4828-B936-260722EF8290}
	EndGlobalSection
EndGlobal
